
Microsoft Visual Studio Solution File, Format Version 12.00
# Visual Studio 15
VisualStudioVersion = 15.0.28307.136
MinimumVisualStudioVersion = 10.0.40219.1
Project("{FAE04EC0-301F-11D3-BF4B-00C04F79EFBC}") = "DashDocs", "DashDocs\DashDocs.csproj", "{FA8979E1-B380-4318-A58F-D64282F8A4BD}"
EndProject
Global
	GlobalSection(SolutionConfigurationPlatforms) = preSolution
		Debug|Any CPU = Debug|Any CPU
		Release|Any CPU = Release|Any CPU
	EndGlobalSection
	GlobalSection(ProjectConfigurationPlatforms) = postSolution
		{FA8979E1-B380-4318-A58F-D64282F8A4BD}.Debug|Any CPU.ActiveCfg = Debug|Any CPU
		{FA8979E1-B380-4318-A58F-D64282F8A4BD}.Debug|Any CPU.Build.0 = Debug|Any CPU
		{FA8979E1-B380-4318-A58F-D64282F8A4BD}.Release|Any CPU.ActiveCfg = Release|Any CPU
		{FA8979E1-B380-4318-A58F-D64282F8A4BD}.Release|Any CPU.Build.0 = Release|Any CPU
	EndGlobalSection
	GlobalSection(SolutionProperties) = preSolution
		HideSolutionNode = FALSE
	EndGlobalSection
	GlobalSection(ExtensibilityGlobals) = postSolution
		SolutionGuid = {FFAF63C8-A1CD-4F7B-830F-AB3363E1C6F0}
	EndGlobalSection
EndGlobal
